
Microsoft Visual Studio Solution File, Format Version 12.00
# Visual Studio Version 17
VisualStudioVersion = 17.11.35312.102
MinimumVisualStudioVersion = 10.0.40219.1
Project("{9A19103F-16F7-4668-BE54-9A1E7A4F7556}") = "ObiletJourneyApp.Domain", "ObiletJourneyApp.Domain\ObiletJourneyApp.Domain.csproj", "{318F63E1-DEA6-4CD0-B6B1-E0F70D69FEBD}"
EndProject
Project("{9A19103F-16F7-4668-BE54-9A1E7A4F7556}") = "ObiletJourneyApp.Application", "ObiletJourneyApp.Application\ObiletJourneyApp.Application.csproj", "{8215CAC2-D585-44D4-AF0E-442B8C78ED29}"
EndProject
Project("{9A19103F-16F7-4668-BE54-9A1E7A4F7556}") = "ObiletJourneyApp.Infrastructure", "ObiletJourneyApp.Infrastructure\ObiletJourneyApp.Infrastructure.csproj", "{DBC65F42-331D-447E-B694-427809104832}"
EndProject
Project("{9A19103F-16F7-4668-BE54-9A1E7A4F7556}") = "ObiletJourneyApp.WebUI", "ObiletJourneyApp.WebUI\ObiletJourneyApp.WebUI.csproj", "{109F4128-9FD5-4177-A395-8B2DD84F648F}"
EndProject
Project("{9A19103F-16F7-4668-BE54-9A1E7A4F7556}") = "ObiletJourneyApp.CompositionRoot", "ObiletJourneyApp.CompositionRoot\ObiletJourneyApp.CompositionRoot.csproj", "{109842A2-C1C9-46F0-90EB-1A94776F36CF}"
EndProject
Global
	GlobalSection(SolutionConfigurationPlatforms) = preSolution
		Debug|Any CPU = Debug|Any CPU
		Release|Any CPU = Release|Any CPU
	EndGlobalSection
	GlobalSection(ProjectConfigurationPlatforms) = postSolution
		{318F63E1-DEA6-4CD0-B6B1-E0F70D69FEBD}.Debug|Any CPU.ActiveCfg = Debug|Any CPU
		{318F63E1-DEA6-4CD0-B6B1-E0F70D69FEBD}.Debug|Any CPU.Build.0 = Debug|Any CPU
		{318F63E1-DEA6-4CD0-B6B1-E0F70D69FEBD}.Release|Any CPU.ActiveCfg = Release|Any CPU
		{318F63E1-DEA6-4CD0-B6B1-E0F70D69FEBD}.Release|Any CPU.Build.0 = Release|Any CPU
		{8215CAC2-D585-44D4-AF0E-442B8C78ED29}.Debug|Any CPU.ActiveCfg = Debug|Any CPU
		{8215CAC2-D585-44D4-AF0E-442B8C78ED29}.Debug|Any CPU.Build.0 = Debug|Any CPU
		{8215CAC2-D585-44D4-AF0E-442B8C78ED29}.Release|Any CPU.ActiveCfg = Release|Any CPU
		{8215CAC2-D585-44D4-AF0E-442B8C78ED29}.Release|Any CPU.Build.0 = Release|Any CPU
		{DBC65F42-331D-447E-B694-427809104832}.Debug|Any CPU.ActiveCfg = Debug|Any CPU
		{DBC65F42-331D-447E-B694-427809104832}.Debug|Any CPU.Build.0 = Debug|Any CPU
		{DBC65F42-331D-447E-B694-427809104832}.Release|Any CPU.ActiveCfg = Release|Any CPU
		{DBC65F42-331D-447E-B694-427809104832}.Release|Any CPU.Build.0 = Release|Any CPU
		{109F4128-9FD5-4177-A395-8B2DD84F648F}.Debug|Any CPU.ActiveCfg = Debug|Any CPU
		{109F4128-9FD5-4177-A395-8B2DD84F648F}.Debug|Any CPU.Build.0 = Debug|Any CPU
		{109F4128-9FD5-4177-A395-8B2DD84F648F}.Release|Any CPU.ActiveCfg = Release|Any CPU
		{109F4128-9FD5-4177-A395-8B2DD84F648F}.Release|Any CPU.Build.0 = Release|Any CPU
		{109842A2-C1C9-46F0-90EB-1A94776F36CF}.Debug|Any CPU.ActiveCfg = Debug|Any CPU
		{109842A2-C1C9-46F0-90EB-1A94776F36CF}.Debug|Any CPU.Build.0 = Debug|Any CPU
		{109842A2-C1C9-46F0-90EB-1A94776F36CF}.Release|Any CPU.ActiveCfg = Release|Any CPU
		{109842A2-C1C9-46F0-90EB-1A94776F36CF}.Release|Any CPU.Build.0 = Release|Any CPU
	EndGlobalSection
	GlobalSection(SolutionProperties) = preSolution
		HideSolutionNode = FALSE
	EndGlobalSection
	GlobalSection(ExtensibilityGlobals) = postSolution
		SolutionGuid = {B748DA8C-4921-4297-9434-DF27C267F09D}
	EndGlobalSection
EndGlobal
